
Microsoft Visual Studio Solution File, Format Version 12.00
# Visual Studio Version 17
VisualStudioVersion = 17.5.002.0
MinimumVisualStudioVersion = 10.0.40219.1
Project("{9A19103F-16F7-4668-BE54-9A1E7A4F7556}") = "ToDoApp", "src\ToDoApp.csproj", "{0308395E-C0F0-4556-8FC0-1E63849A7A09}"
EndProject
Project("{9A19103F-16F7-4668-BE54-9A1E7A4F7556}") = "ToDoApp.Tests", "test\ToDoApp.Tests.csproj", "{50BE26E0-E89D-4D67-B4D1-0893742587D0}"
EndProject
Global
	GlobalSection(SolutionConfigurationPlatforms) = preSolution
		Debug|Any CPU = Debug|Any CPU
		Release|Any CPU = Release|Any CPU
	EndGlobalSection
	GlobalSection(ProjectConfigurationPlatforms) = postSolution
		{0308395E-C0F0-4556-8FC0-1E63849A7A09}.Debug|Any CPU.ActiveCfg = Debug|Any CPU
		{0308395E-C0F0-4556-8FC0-1E63849A7A09}.Debug|Any CPU.Build.0 = Debug|Any CPU
		{0308395E-C0F0-4556-8FC0-1E63849A7A09}.Release|Any CPU.ActiveCfg = Release|Any CPU
		{0308395E-C0F0-4556-8FC0-1E63849A7A09}.Release|Any CPU.Build.0 = Release|Any CPU
		{50BE26E0-E89D-4D67-B4D1-0893742587D0}.Debug|Any CPU.ActiveCfg = Debug|Any CPU
		{50BE26E0-E89D-4D67-B4D1-0893742587D0}.Debug|Any CPU.Build.0 = Debug|Any CPU
		{50BE26E0-E89D-4D67-B4D1-0893742587D0}.Release|Any CPU.ActiveCfg = Release|Any CPU
		{50BE26E0-E89D-4D67-B4D1-0893742587D0}.Release|Any CPU.Build.0 = Release|Any CPU
	EndGlobalSection
	GlobalSection(SolutionProperties) = preSolution
		HideSolutionNode = FALSE
	EndGlobalSection
	GlobalSection(ExtensibilityGlobals) = postSolution
		SolutionGuid = {984D55AF-021F-44DF-803D-1B4328516C00}
	EndGlobalSection
EndGlobal
